# THIS IS AN AUTOGENERATED FILE. DO NOT EDIT THIS FILE DIRECTLY.
# yarn lockfile v1


"@prettier/plugin-lua@^0.0.3":
  version "0.0.3"
  resolved "https://registry.yarnpkg.com/@prettier/plugin-lua/-/plugin-lua-0.0.3.tgz#013cfa5d00771964e080aa5e862ff16e07bbd0ad"
  integrity sha512-Fn7rf/9BTisEShgSN7iSKxgBo3MkHnAptNI7+4JC7E3wi2ElfzcR194QswblbY6X0fTdaHz3yG0GQcuwtxZKoQ==
  dependencies:
    luaparse "0.2.1"

luaparse@0.2.1:
  version "0.2.1"
  resolved "https://registry.yarnpkg.com/luaparse/-/luaparse-0.2.1.tgz#aa8f56132b0de97d37f3c991a9df42e0e17f656c"
  integrity sha512-VKBcryd5nJte4ZNR29NOk8F/UkMipjeb4yoxcSS51z6QAzg9DXUC2WsfLniS0J1eh3pr/ZL3e9ha6V8fhoLbBQ==

prettier@^3.3.3:
  version "3.3.3"
  resolved "https://registry.yarnpkg.com/prettier/-/prettier-3.3.3.tgz#30c54fe0be0d8d12e6ae61dbb10109ea00d53105"
  integrity sha512-i2tDNA0O5IrMO757lfrdQZCc2jPNDVntV0m/+4whiDfWaTKfMNgR7Qz0NAeGz/nRqF4m5/6CLzbP4/liHt12Ew==
